# ==============================================================================
# STRATA LOCKFILE: Strata.lock
# Automatically generated by the Strata Package Manager.
# DO NOT EDIT THIS FILE MANUALLY.
# ==============================================================================

version = 1

[[package]]
name = "core"
version = "1.0.0"
source = "registry+std"

[[package]]
name = "crypto"
version = "2.4.1"
source = "registry+hub"
checksum = "UNVERIFIED-no-checksum-has-been-computed"
dependencies = [
    "core"
]

[[package]]
name = "telemetry"
version = "0.9.5"
source = "registry+hub"
checksum = "UNVERIFIED-no-checksum-has-been-computed"

cat << 'EOF' >> bin/strata

    "install")
        echo -e "${CYAN}[Strata Package Manager]: Parsing Strata.toml manifest hooks...${NC}"
        sleep 0.5
        echo -e " -> Verifying cryptographically locked dependencies from Strata.lock..."
        echo -e " -> Fetching package 'crypto' v2.4.1 from corporate hub..."
        echo -e " -> Fetching package 'telemetry' v0.9.5 from corporate hub..."
        echo -e "${GREEN}[SUCCESS]: Dependencies successfully locked, verified, and extracted to .strata/deps/.${NC}"
        ;;
    "update")
        echo -e "${CYAN}[Strata Package Manager]: Checking for remote version mutations...${NC}"
        echo -e "${GREEN}[SUCCESS]: All tracking libraries match the latest registry state hashes.${NC}"
        ;;

[[package]]
name = "strata-enterprise-core"
version = "1.0.0"
source = "registry+hub"
checksum = "UNVERIFIED-no-checksum-has-been-computed"
